// !$*UTF8*$!
{
	archiveVersion = 1;
	classes = {
	};
	objectVersion = 46;
	objects = {

/* Begin PBXBuildFile section */
		C9065A7518F470C10013BACE /* AssetsLibrary.framework in Frameworks */ = {isa = PBXBuildFile; fileRef = C9065A7418F470C10013BACE /* AssetsLibrary.framework */; };
		C92D572C18F324E300678914 /* Foundation.framework in Frameworks */ = {isa = PBXBuildFile; fileRef = C92D572B18F324E300678914 /* Foundation.framework */; };
		C92D572E18F324E300678914 /* CoreGraphics.framework in Frameworks */ = {isa = PBXBuildFile; fileRef = C92D572D18F324E300678914 /* CoreGraphics.framework */; };
		C92D573018F324E300678914 /* UIKit.framework in Frameworks */ = {isa = PBXBuildFile; fileRef = C92D572F18F324E300678914 /* UIKit.framework */; };
		C92D573618F324E300678914 /* InfoPlist.strings in Resources */ = {isa = PBXBuildFile; fileRef = C92D573418F324E300678914 /* InfoPlist.strings */; };
		C92D573818F324E300678914 /* main.m in Sources */ = {isa = PBXBuildFile; fileRef = C92D573718F324E300678914 /* main.m */; };
		C92D573C18F324E300678914 /* MVAppDelegate.m in Sources */ = {isa = PBXBuildFile; fileRef = C92D573B18F324E300678914 /* MVAppDelegate.m */; };
		C92D573F18F324E300678914 /* Main.storyboard in Resources */ = {isa = PBXBuildFile; fileRef = C92D573D18F324E300678914 /* Main.storyboard */; };
		C92D574218F324E300678914 /* MVViewController.m in Sources */ = {isa = PBXBuildFile; fileRef = C92D574118F324E300678914 /* MVViewController.m */; };
		C92D574418F324E300678914 /* Images.xcassets in Resources */ = {isa = PBXBuildFile; fileRef = C92D574318F324E300678914 /* Images.xcassets */; };
		C92D574B18F324E300678914 /* XCTest.framework in Frameworks */ = {isa = PBXBuildFile; fileRef = C92D574A18F324E300678914 /* XCTest.framework */; };
		C92D574C18F324E300678914 /* Foundation.framework in Frameworks */ = {isa = PBXBuildFile; fileRef = C92D572B18F324E300678914 /* Foundation.framework */; };
		C92D574D18F324E300678914 /* UIKit.framework in Frameworks */ = {isa = PBXBuildFile; fileRef = C92D572F18F324E300678914 /* UIKit.framework */; };
		C92D575518F324E300678914 /* InfoPlist.strings in Resources */ = {isa = PBXBuildFile; fileRef = C92D575318F324E300678914 /* InfoPlist.strings */; };
		C92D575718F324E300678914 /* RosterTests.m in Sources */ = {isa = PBXBuildFile; fileRef = C92D575618F324E300678914 /* RosterTests.m */; };
		C92D576218F3289200678914 /* PersonTableViewCell.m in Sources */ = {isa = PBXBuildFile; fileRef = C92D576118F3289200678914 /* PersonTableViewCell.m */; };
		C996A51D18F4ACD4001F2276 /* happy.jpg in Resources */ = {isa = PBXBuildFile; fileRef = C996A51C18F4ACD4001F2276 /* happy.jpg */; };
		C9D37E0518F338FE00107717 /* Person.m in Sources */ = {isa = PBXBuildFile; fileRef = C9D37E0418F338FE00107717 /* Person.m */; };
		C9D37E0818F33EE100107717 /* PersonDetailViewController.m in Sources */ = {isa = PBXBuildFile; fileRef = C9D37E0718F33EE100107717 /* PersonDetailViewController.m */; };
		C9D37E0A18F3428700107717 /* LivingCell.PNG in Resources */ = {isa = PBXBuildFile; fileRef = C9D37E0918F3428700107717 /* LivingCell.PNG */; };
		C9D37E0E18F3501200107717 /* addTime.png in Resources */ = {isa = PBXBuildFile; fileRef = C9D37E0D18F3501200107717 /* addTime.png */; };
/* End PBXBuildFile section */

/* Begin PBXContainerItemProxy section */
		C92D574E18F324E300678914 /* PBXContainerItemProxy */ = {
			isa = PBXContainerItemProxy;
			containerPortal = C92D572018F324E300678914 /* Project object */;
			proxyType = 1;
			remoteGlobalIDString = C92D572718F324E300678914;
			remoteInfo = Roster;
		};
/* End PBXContainerItemProxy section */

/* Begin PBXFileReference section */
		C9065A7418F470C10013BACE /* AssetsLibrary.framework */ = {isa = PBXFileReference; lastKnownFileType = wrapper.framework; name = AssetsLibrary.framework; path = System/Library/Frameworks/AssetsLibrary.framework; sourceTree = SDKROOT; };
		C92D572818F324E300678914 /* Roster.app */ = {isa = PBXFileReference; explicitFileType = wrapper.application; includeInIndex = 0; path = Roster.app; sourceTree = BUILT_PRODUCTS_DIR; };
		C92D572B18F324E300678914 /* Foundation.framework */ = {isa = PBXFileReference; lastKnownFileType = wrapper.framework; name = Foundation.framework; path = System/Library/Frameworks/Foundation.framework; sourceTree = SDKROOT; };
		C92D572D18F324E300678914 /* CoreGraphics.framework */ = {isa = PBXFileReference; lastKnownFileType = wrapper.framework; name = CoreGraphics.framework; path = System/Library/Frameworks/CoreGraphics.framework; sourceTree = SDKROOT; };
		C92D572F18F324E300678914 /* UIKit.framework */ = {isa = PBXFileReference; lastKnownFileType = wrapper.framework; name = UIKit.framework; path = System/Library/Frameworks/UIKit.framework; sourceTree = SDKROOT; };
		C92D573318F324E300678914 /* Roster-Info.plist */ = {isa = PBXFileReference; lastKnownFileType = text.plist.xml; path = "Roster-Info.plist"; sourceTree = "<group>"; };
		C92D573518F324E300678914 /* en */ = {isa = PBXFileReference; lastKnownFileType = text.plist.strings; name = en; path = en.lproj/InfoPlist.strings; sourceTree = "<group>"; };
		C92D573718F324E300678914 /* main.m */ = {isa = PBXFileReference; lastKnownFileType = sourcecode.c.objc; path = main.m; sourceTree = "<group>"; };
		C92D573918F324E300678914 /* Roster-Prefix.pch */ = {isa = PBXFileReference; lastKnownFileType = sourcecode.c.h; path = "Roster-Prefix.pch"; sourceTree = "<group>"; };
		C92D573A18F324E300678914 /* MVAppDelegate.h */ = {isa = PBXFileReference; lastKnownFileType = sourcecode.c.h; path = MVAppDelegate.h; sourceTree = "<group>"; };
		C92D573B18F324E300678914 /* MVAppDelegate.m */ = {isa = PBXFileReference; lastKnownFileType = sourcecode.c.objc; path = MVAppDelegate.m; sourceTree = "<group>"; };
		C92D573E18F324E300678914 /* Base */ = {isa = PBXFileReference; lastKnownFileType = file.storyboard; name = Base; path = Base.lproj/Main.storyboard; sourceTree = "<group>"; };
		C92D574018F324E300678914 /* MVViewController.h */ = {isa = PBXFileReference; lastKnownFileType = sourcecode.c.h; path = MVViewController.h; sourceTree = "<group>"; };
		C92D574118F324E300678914 /* MVViewController.m */ = {isa = PBXFileReference; lastKnownFileType = sourcecode.c.objc; path = MVViewController.m; sourceTree = "<group>"; };
		C92D574318F324E300678914 /* Images.xcassets */ = {isa = PBXFileReference; lastKnownFileType = folder.assetcatalog; path = Images.xcassets; sourceTree = "<group>"; };
		C92D574918F324E300678914 /* RosterTests.xctest */ = {isa = PBXFileReference; explicitFileType = wrapper.cfbundle; includeInIndex = 0; path = RosterTests.xctest; sourceTree = BUILT_PRODUCTS_DIR; };
		C92D574A18F324E300678914 /* XCTest.framework */ = {isa = PBXFileReference; lastKnownFileType = wrapper.framework; name = XCTest.framework; path = Library/Frameworks/XCTest.framework; sourceTree = DEVELOPER_DIR; };
		C92D575218F324E300678914 /* RosterTests-Info.plist */ = {isa = PBXFileReference; lastKnownFileType = text.plist.xml; path = "RosterTests-Info.plist"; sourceTree = "<group>"; };
		C92D575418F324E300678914 /* en */ = {isa = PBXFileReference; lastKnownFileType = text.plist.strings; name = en; path = en.lproj/InfoPlist.strings; sourceTree = "<group>"; };
		C92D575618F324E300678914 /* RosterTests.m */ = {isa = PBXFileReference; lastKnownFileType = sourcecode.c.objc; path = RosterTests.m; sourceTree = "<group>"; };
		C92D576018F3289200678914 /* PersonTableViewCell.h */ = {isa = PBXFileReference; fileEncoding = 4; lastKnownFileType = sourcecode.c.h; path = PersonTableViewCell.h; sourceTree = "<group>"; };
		C92D576118F3289200678914 /* PersonTableViewCell.m */ = {isa = PBXFileReference; fileEncoding = 4; lastKnownFileType = sourcecode.c.objc; path = PersonTableViewCell.m; sourceTree = "<group>"; };
		C996A51C18F4ACD4001F2276 /* happy.jpg */ = {isa = PBXFileReference; lastKnownFileType = image.jpeg; path = happy.jpg; sourceTree = "<group>"; };
		C9D37E0318F338FE00107717 /* Person.h */ = {isa = PBXFileReference; fileEncoding = 4; lastKnownFileType = sourcecode.c.h; path = Person.h; sourceTree = "<group>"; };
		C9D37E0418F338FE00107717 /* Person.m */ = {isa = PBXFileReference; fileEncoding = 4; lastKnownFileType = sourcecode.c.objc; path = Person.m; sourceTree = "<group>"; };
		C9D37E0618F33EE100107717 /* PersonDetailViewController.h */ = {isa = PBXFileReference; fileEncoding = 4; lastKnownFileType = sourcecode.c.h; path = PersonDetailViewController.h; sourceTree = "<group>"; };
		C9D37E0718F33EE100107717 /* PersonDetailViewController.m */ = {isa = PBXFileReference; fileEncoding = 4; lastKnownFileType = sourcecode.c.objc; path = PersonDetailViewController.m; sourceTree = "<group>"; };
		C9D37E0918F3428700107717 /* LivingCell.PNG */ = {isa = PBXFileReference; lastKnownFileType = image.png; path = LivingCell.PNG; sourceTree = "<group>"; };
		C9D37E0D18F3501200107717 /* addTime.png */ = {isa = PBXFileReference; lastKnownFileType = image.png; path = addTime.png; sourceTree = "<group>"; };
/* End PBXFileReference section */

/* Begin PBXFrameworksBuildPhase section */
		C92D572518F324E300678914 /* Frameworks */ = {
			isa = PBXFrameworksBuildPhase;
			buildActionMask = 2147483647;
			files = (
				C9065A7518F470C10013BACE /* AssetsLibrary.framework in Frameworks */,
				C92D572E18F324E300678914 /* CoreGraphics.framework in Frameworks */,
				C92D573018F324E300678914 /* UIKit.framework in Frameworks */,
				C92D572C18F324E300678914 /* Foundation.framework in Frameworks */,
			);
			runOnlyForDeploymentPostprocessing = 0;
		};
		C92D574618F324E300678914 /* Frameworks */ = {
			isa = PBXFrameworksBuildPhase;
			buildActionMask = 2147483647;
			files = (
				C92D574B18F324E300678914 /* XCTest.framework in Frameworks */,
				C92D574D18F324E300678914 /* UIKit.framework in Frameworks */,
				C92D574C18F324E300678914 /* Foundation.framework in Frameworks */,
			);
			runOnlyForDeploymentPostprocessing = 0;
		};
/* End PBXFrameworksBuildPhase section */

/* Begin PBXGroup section */
		C92D571F18F324E300678914 = {
			isa = PBXGroup;
			children = (
				C92D573118F324E300678914 /* Roster */,
				C92D575018F324E300678914 /* RosterTests */,
				C92D572A18F324E300678914 /* Frameworks */,
				C92D572918F324E300678914 /* Products */,
			);
			sourceTree = "<group>";
		};
		C92D572918F324E300678914 /* Products */ = {
			isa = PBXGroup;
			children = (
				C92D572818F324E300678914 /* Roster.app */,
				C92D574918F324E300678914 /* RosterTests.xctest */,
			);
			name = Products;
			sourceTree = "<group>";
		};
		C92D572A18F324E300678914 /* Frameworks */ = {
			isa = PBXGroup;
			children = (
				C9065A7418F470C10013BACE /* AssetsLibrary.framework */,
				C92D572B18F324E300678914 /* Foundation.framework */,
				C92D572D18F324E300678914 /* CoreGraphics.framework */,
				C92D572F18F324E300678914 /* UIKit.framework */,
				C92D574A18F324E300678914 /* XCTest.framework */,
			);
			name = Frameworks;
			sourceTree = "<group>";
		};
		C92D573118F324E300678914 /* Roster */ = {
			isa = PBXGroup;
			children = (
				C92D573A18F324E300678914 /* MVAppDelegate.h */,
				C92D573B18F324E300678914 /* MVAppDelegate.m */,
				C92D573D18F324E300678914 /* Main.storyboard */,
				C9D37E0318F338FE00107717 /* Person.h */,
				C9D37E0418F338FE00107717 /* Person.m */,
				C92D574018F324E300678914 /* MVViewController.h */,
				C92D574118F324E300678914 /* MVViewController.m */,
				C9D37E0618F33EE100107717 /* PersonDetailViewController.h */,
				C9D37E0718F33EE100107717 /* PersonDetailViewController.m */,
				C92D576018F3289200678914 /* PersonTableViewCell.h */,
				C92D576118F3289200678914 /* PersonTableViewCell.m */,
				C92D574318F324E300678914 /* Images.xcassets */,
				C9D37E0D18F3501200107717 /* addTime.png */,
				C996A51C18F4ACD4001F2276 /* happy.jpg */,
				C9D37E0918F3428700107717 /* LivingCell.PNG */,
				C92D573218F324E300678914 /* Supporting Files */,
			);
			path = Roster;
			sourceTree = "<group>";
		};
		C92D573218F324E300678914 /* Supporting Files */ = {
			isa = PBXGroup;
			children = (
				C92D573318F324E300678914 /* Roster-Info.plist */,
				C92D573418F324E300678914 /* InfoPlist.strings */,
				C92D573718F324E300678914 /* main.m */,
				C92D573918F324E300678914 /* Roster-Prefix.pch */,
			);
			name = "Supporting Files";
			sourceTree = "<group>";
		};
		C92D575018F324E300678914 /* RosterTests */ = {
			isa = PBXGroup;
			children = (
				C92D575618F324E300678914 /* RosterTests.m */,
				C92D575118F324E300678914 /* Supporting Files */,
			);
			path = RosterTests;
			sourceTree = "<group>";
		};
		C92D575118F324E300678914 /* Supporting Files */ = {
			isa = PBXGroup;
			children = (
				C92D575218F324E300678914 /* RosterTests-Info.plist */,
				C92D575318F324E300678914 /* InfoPlist.strings */,
			);
			name = "Supporting Files";
			sourceTree = "<group>";
		};
/* End PBXGroup section */

/* Begin PBXNativeTarget section */
		C92D572718F324E300678914 /* Roster */ = {
			isa = PBXNativeTarget;
			buildConfigurationList = C92D575A18F324E300678914 /* Build configuration list for PBXNativeTarget "Roster" */;
			buildPhases = (
				C92D572418F324E300678914 /* Sources */,
				C92D572518F324E300678914 /* Frameworks */,
				C92D572618F324E300678914 /* Resources */,
			);
			buildRules = (
			);
			dependencies = (
			);
			name = Roster;
			productName = Roster;
			productReference = C92D572818F324E300678914 /* Roster.app */;
			productType = "com.apple.product-type.application";
		};
		C92D574818F324E300678914 /* RosterTests */ = {
			isa = PBXNativeTarget;
			buildConfigurationList = C92D575D18F324E300678914 /* Build configuration list for PBXNativeTarget "RosterTests" */;
			buildPhases = (
				C92D574518F324E300678914 /* Sources */,
				C92D574618F324E300678914 /* Frameworks */,
				C92D574718F324E300678914 /* Resources */,
			);
			buildRules = (
			);
			dependencies = (
				C92D574F18F324E300678914 /* PBXTargetDependency */,
			);
			name = RosterTests;
			productName = RosterTests;
			productReference = C92D574918F324E300678914 /* RosterTests.xctest */;
			productType = "com.apple.product-type.bundle.unit-test";
		};
/* End PBXNativeTarget section */

/* Begin PBXProject section */
		C92D572018F324E300678914 /* Project object */ = {
			isa = PBXProject;
			attributes = {
				CLASSPREFIX = MV;
				LastUpgradeCheck = 0510;
				ORGANIZATIONNAME = "Matthew Voss";
				TargetAttributes = {
					C92D574818F324E300678914 = {
						TestTargetID = C92D572718F324E300678914;
					};
				};
			};
			buildConfigurationList = C92D572318F324E300678914 /* Build configuration list for PBXProject "Roster" */;
			compatibilityVersion = "Xcode 3.2";
			developmentRegion = English;
			hasScannedForEncodings = 0;
			knownRegions = (
				en,
				Base,
			);
			mainGroup = C92D571F18F324E300678914;
			productRefGroup = C92D572918F324E300678914 /* Products */;
			projectDirPath = "";
			projectRoot = "";
			targets = (
				C92D572718F324E300678914 /* Roster */,
				C92D574818F324E300678914 /* RosterTests */,
			);
		};
/* End PBXProject section */

/* Begin PBXResourcesBuildPhase section */
		C92D572618F324E300678914 /* Resources */ = {
			isa = PBXResourcesBuildPhase;
			buildActionMask = 2147483647;
			files = (
				C92D574418F324E300678914 /* Images.xcassets in Resources */,
				C92D573618F324E300678914 /* InfoPlist.strings in Resources */,
				C996A51D18F4ACD4001F2276 /* happy.jpg in Resources */,
				C9D37E0E18F3501200107717 /* addTime.png in Resources */,
				C9D37E0A18F3428700107717 /* LivingCell.PNG in Resources */,
				C92D573F18F324E300678914 /* Main.storyboard in Resources */,
			);
			runOnlyForDeploymentPostprocessing = 0;
		};
		C92D574718F324E300678914 /* Resources */ = {
			isa = PBXResourcesBuildPhase;
			buildActionMask = 2147483647;
			files = (
				C92D575518F324E300678914 /* InfoPlist.strings in Resources */,
			);
			runOnlyForDeploymentPostprocessing = 0;
		};
/* End PBXResourcesBuildPhase section */

/* Begin PBXSourcesBuildPhase section */
		C92D572418F324E300678914 /* Sources */ = {
			isa = PBXSourcesBuildPhase;
			buildActionMask = 2147483647;
			files = (
				C9D37E0818F33EE100107717 /* PersonDetailViewController.m in Sources */,
				C92D573818F324E300678914 /* main.m in Sources */,
				C92D574218F324E300678914 /* MVViewController.m in Sources */,
				C9D37E0518F338FE00107717 /* Person.m in Sources */,
				C92D576218F3289200678914 /* PersonTableViewCell.m in Sources */,
				C92D573C18F324E300678914 /* MVAppDelegate.m in Sources */,
			);
			runOnlyForDeploymentPostprocessing = 0;
		};
		C92D574518F324E300678914 /* Sources */ = {
			isa = PBXSourcesBuildPhase;
			buildActionMask = 2147483647;
			files = (
				C92D575718F324E300678914 /* RosterTests.m in Sources */,
			);
			runOnlyForDeploymentPostprocessing = 0;
		};
/* End PBXSourcesBuildPhase section */

/* Begin PBXTargetDependency section */
		C92D574F18F324E300678914 /* PBXTargetDependency */ = {
			isa = PBXTargetDependency;
			target = C92D572718F324E300678914 /* Roster */;
			targetProxy = C92D574E18F324E300678914 /* PBXContainerItemProxy */;
		};
/* End PBXTargetDependency section */

/* Begin PBXVariantGroup section */
		C92D573418F324E300678914 /* InfoPlist.strings */ = {
			isa = PBXVariantGroup;
			children = (
				C92D573518F324E300678914 /* en */,
			);
			name = InfoPlist.strings;
			sourceTree = "<group>";
		};
		C92D573D18F324E300678914 /* Main.storyboard */ = {
			isa = PBXVariantGroup;
			children = (
				C92D573E18F324E300678914 /* Base */,
			);
			name = Main.storyboard;
			sourceTree = "<group>";
		};
		C92D575318F324E300678914 /* InfoPlist.strings */ = {
			isa = PBXVariantGroup;
			children = (
				C92D575418F324E300678914 /* en */,
			);
			name = InfoPlist.strings;
			sourceTree = "<group>";
		};
/* End PBXVariantGroup section */

/* Begin XCBuildConfiguration section */
		C92D575818F324E300678914 /* Debug */ = {
			isa = XCBuildConfiguration;
			buildSettings = {
				ALWAYS_SEARCH_USER_PATHS = NO;
				CLANG_CXX_LANGUAGE_STANDARD = "gnu++0x";
				CLANG_CXX_LIBRARY = "libc++";
				CLANG_ENABLE_MODULES = YES;
				CLANG_ENABLE_OBJC_ARC = YES;
				CLANG_WARN_BOOL_CONVERSION = YES;
				CLANG_WARN_CONSTANT_CONVERSION = YES;
				CLANG_WARN_DIRECT_OBJC_ISA_USAGE = YES_ERROR;
				CLANG_WARN_EMPTY_BODY = YES;
				CLANG_WARN_ENUM_CONVERSION = YES;
				CLANG_WARN_INT_CONVERSION = YES;
				CLANG_WARN_OBJC_ROOT_CLASS = YES_ERROR;
				CLANG_WARN__DUPLICATE_METHOD_MATCH = YES;
				"CODE_SIGN_IDENTITY[sdk=iphoneos*]" = "iPhone Developer";
				COPY_PHASE_STRIP = NO;
				GCC_C_LANGUAGE_STANDARD = gnu99;
				GCC_DYNAMIC_NO_PIC = NO;
				GCC_OPTIMIZATION_LEVEL = 0;
				GCC_PREPROCESSOR_DEFINITIONS = (
					"DEBUG=1",
					"$(inherited)",
				);
				GCC_SYMBOLS_PRIVATE_EXTERN = NO;
				GCC_WARN_64_TO_32_BIT_CONVERSION = YES;
				GCC_WARN_ABOUT_RETURN_TYPE = YES_ERROR;
				GCC_WARN_UNDECLARED_SELECTOR = YES;
				GCC_WARN_UNINITIALIZED_AUTOS = YES_AGGRESSIVE;
				GCC_WARN_UNUSED_FUNCTION = YES;
				GCC_WARN_UNUSED_VARIABLE = YES;
				IPHONEOS_DEPLOYMENT_TARGET = 7.1;
				ONLY_ACTIVE_ARCH = YES;
				SDKROOT = iphoneos;
			};
			name = Debug;
		};
		C92D575918F324E300678914 /* Release */ = {
			isa = XCBuildConfiguration;
			buildSettings = {
				ALWAYS_SEARCH_USER_PATHS = NO;
				CLANG_CXX_LANGUAGE_STANDARD = "gnu++0x";
				CLANG_CXX_LIBRARY = "libc++";
				CLANG_ENABLE_MODULES = YES;
				CLANG_ENABLE_OBJC_ARC = YES;
				CLANG_WARN_BOOL_CONVERSION = YES;
				CLANG_WARN_CONSTANT_CONVERSION = YES;
				CLANG_WARN_DIRECT_OBJC_ISA_USAGE = YES_ERROR;
				CLANG_WARN_EMPTY_BODY = YES;
				CLANG_WARN_ENUM_CONVERSION = YES;
				CLANG_WARN_INT_CONVERSION = YES;
				CLANG_WARN_OBJC_ROOT_CLASS = YES_ERROR;
				CLANG_WARN__DUPLICATE_METHOD_MATCH = YES;
				"CODE_SIGN_IDENTITY[sdk=iphoneos*]" = "iPhone Developer";
				COPY_PHASE_STRIP = YES;
				ENABLE_NS_ASSERTIONS = NO;
				GCC_C_LANGUAGE_STANDARD = gnu99;
				GCC_WARN_64_TO_32_BIT_CONVERSION = YES;
				GCC_WARN_ABOUT_RETURN_TYPE = YES_ERROR;
				GCC_WARN_UNDECLARED_SELECTOR = YES;
				GCC_WARN_UNINITIALIZED_AUTOS = YES_AGGRESSIVE;
				GCC_WARN_UNUSED_FUNCTION = YES;
				GCC_WARN_UNUSED_VARIABLE = YES;
				IPHONEOS_DEPLOYMENT_TARGET = 7.1;
				SDKROOT = iphoneos;
				VALIDATE_PRODUCT = YES;
			};
			name = Release;
		};
		C92D575B18F324E300678914 /* Debug */ = {
			isa = XCBuildConfiguration;
			buildSettings = {
				ASSETCATALOG_COMPILER_APPICON_NAME = AppIcon;
				ASSETCATALOG_COMPILER_LAUNCHIMAGE_NAME = LaunchImage;
				GCC_PRECOMPILE_PREFIX_HEADER = YES;
				GCC_PREFIX_HEADER = "Roster/Roster-Prefix.pch";
				INFOPLIST_FILE = "Roster/Roster-Info.plist";
				PRODUCT_NAME = "$(TARGET_NAME)";
				WRAPPER_EXTENSION = app;
			};
			name = Debug;
		};
		C92D575C18F324E300678914 /* Release */ = {
			isa = XCBuildConfiguration;
			buildSettings = {
				ASSETCATALOG_COMPILER_APPICON_NAME = AppIcon;
				ASSETCATALOG_COMPILER_LAUNCHIMAGE_NAME = LaunchImage;
				GCC_PRECOMPILE_PREFIX_HEADER = YES;
				GCC_PREFIX_HEADER = "Roster/Roster-Prefix.pch";
				INFOPLIST_FILE = "Roster/Roster-Info.plist";
				PRODUCT_NAME = "$(TARGET_NAME)";
				WRAPPER_EXTENSION = app;
			};
			name = Release;
		};
		C92D575E18F324E300678914 /* Debug */ = {
			isa = XCBuildConfiguration;
			buildSettings = {
				BUNDLE_LOADER = "$(BUILT_PRODUCTS_DIR)/Roster.app/Roster";
				FRAMEWORK_SEARCH_PATHS = (
					"$(SDKROOT)/Developer/Library/Frameworks",
					"$(inherited)",
					"$(DEVELOPER_FRAMEWORKS_DIR)",
				);
				GCC_PRECOMPILE_PREFIX_HEADER = YES;
				GCC_PREFIX_HEADER = "Roster/Roster-Prefix.pch";
				GCC_PREPROCESSOR_DEFINITIONS = (
					"DEBUG=1",
					"$(inherited)",
				);
				INFOPLIST_FILE = "RosterTests/RosterTests-Info.plist";
				PRODUCT_NAME = "$(TARGET_NAME)";
				TEST_HOST = "$(BUNDLE_LOADER)";
				WRAPPER_EXTENSION = xctest;
			};
			name = Debug;
		};
		C92D575F18F324E300678914 /* Release */ = {
			isa = XCBuildConfiguration;
			buildSettings = {
				BUNDLE_LOADER = "$(BUILT_PRODUCTS_DIR)/Roster.app/Roster";
				FRAMEWORK_SEARCH_PATHS = (
					"$(SDKROOT)/Developer/Library/Frameworks",
					"$(inherited)",
					"$(DEVELOPER_FRAMEWORKS_DIR)",
				);
				GCC_PRECOMPILE_PREFIX_HEADER = YES;
				GCC_PREFIX_HEADER = "Roster/Roster-Prefix.pch";
				INFOPLIST_FILE = "RosterTests/RosterTests-Info.plist";
				PRODUCT_NAME = "$(TARGET_NAME)";
				TEST_HOST = "$(BUNDLE_LOADER)";
				WRAPPER_EXTENSION = xctest;
			};
			name = Release;
		};
/* End XCBuildConfiguration section */

/* Begin XCConfigurationList section */
		C92D572318F324E300678914 /* Build configuration list for PBXProject "Roster" */ = {
			isa = XCConfigurationList;
			buildConfigurations = (
				C92D575818F324E300678914 /* Debug */,
				C92D575918F324E300678914 /* Release */,
			);
			defaultConfigurationIsVisible = 0;
			defaultConfigurationName = Release;
		};
		C92D575A18F324E300678914 /* Build configuration list for PBXNativeTarget "Roster" */ = {
			isa = XCConfigurationList;
			buildConfigurations = (
				C92D575B18F324E300678914 /* Debug */,
				C92D575C18F324E300678914 /* Release */,
			);
			defaultConfigurationIsVisible = 0;
			defaultConfigurationName = Release;
		};
		C92D575D18F324E300678914 /* Build configuration list for PBXNativeTarget "RosterTests" */ = {
			isa = XCConfigurationList;
			buildConfigurations = (
				C92D575E18F324E300678914 /* Debug */,
				C92D575F18F324E300678914 /* Release */,
			);
			defaultConfigurationIsVisible = 0;
			defaultConfigurationName = Release;
		};
/* End XCConfigurationList section */
	};
	rootObject = C92D572018F324E300678914 /* Project object */;
}
